
Microsoft Visual Studio Solution File, Format Version 12.00
# Visual Studio Version 17
VisualStudioVersion = 17.11.35312.102
MinimumVisualStudioVersion = 10.0.40219.1
Project("{FAE04EC0-301F-11D3-BF4B-00C04F79EFBC}") = "WeatherApp", "WeatherApp.csproj", "{66D7C98C-6E56-489B-A668-05BAD1481460}"
EndProject
Global
	GlobalSection(SolutionConfigurationPlatforms) = preSolution
		Debug|Any CPU = Debug|Any CPU
		Release|Any CPU = Release|Any CPU
	EndGlobalSection
	GlobalSection(ProjectConfigurationPlatforms) = postSolution
		{66D7C98C-6E56-489B-A668-05BAD1481460}.Debug|Any CPU.ActiveCfg = Debug|Any CPU
		{66D7C98C-6E56-489B-A668-05BAD1481460}.Debug|Any CPU.Build.0 = Debug|Any CPU
		{66D7C98C-6E56-489B-A668-05BAD1481460}.Release|Any CPU.ActiveCfg = Release|Any CPU
		{66D7C98C-6E56-489B-A668-05BAD1481460}.Release|Any CPU.Build.0 = Release|Any CPU
	EndGlobalSection
	GlobalSection(SolutionProperties) = preSolution
		HideSolutionNode = FALSE
	EndGlobalSection
	GlobalSection(ExtensibilityGlobals) = postSolution
		SolutionGuid = {CCA0E990-E30B-4AC7-9C9A-984A33069969}
	EndGlobalSection
EndGlobal
